<?xml version="1.0" encoding="utf-8"?>
<Project ToolsVersion="4.0" xmlns="http://schemas.microsoft.com/developer/msbuild/2003">
  <ItemGroup>
    <Filter Include="Source Files">
      <UniqueIdentifier>{4FC737F1-C7A5-4376-A066-2A32D752A2FF}</UniqueIdentifier>
      <Extensions>cpp;c;cc;cxx;def;odl;idl;hpj;bat;asm;asmx</Extensions>
    </Filter>
    <Filter Include="Header Files">
      <UniqueIdentifier>{93995380-89BD-4b04-88EB-625FBE52EBFB}</UniqueIdentifier>
      <Extensions>h;hh;hpp;hxx;hm;inl;inc;xsd</Extensions>
    </Filter>
    <Filter Include="Resource Files">
      <UniqueIdentifier>{D9D6E242-F8AF-46E4-B9FD-80ECBC20BA3E}</UniqueIdentifier>
      <Extensions>qrc;*</Extensions>
      <ParseFiles>false</ParseFiles>
    </Filter>
    <Filter Include="Form Files">
      <UniqueIdentifier>{99349809-55BA-4b9d-BF79-8FDBB0286EB3}</UniqueIdentifier>
      <Extensions>ui</Extensions>
    </Filter>
    <Filter Include="Resource Files">
      <UniqueIdentifier>{D9D6E242-F8AF-46E4-B9FD-80ECBC20BA3E}</UniqueIdentifier>
      <Extensions>qrc;*</Extensions>
      <ParseFiles>false</ParseFiles>
    </Filter>
    <Filter Include="Generated Files">
      <UniqueIdentifier>{71ED8ED8-ACB9-4CE9-BBE1-E00B30144E11}</UniqueIdentifier>
      <Extensions>moc;h;cpp</Extensions>
      <SourceControlFiles>False</SourceControlFiles>
    </Filter>
    <Filter Include="Header Files\Network">
      <UniqueIdentifier>{db50c494-2baf-488d-85bf-c7c9dc9378d2}</UniqueIdentifier>
    </Filter>
    <Filter Include="Header Files\LoginBranch">
      <UniqueIdentifier>{460742fe-8893-4332-a989-17e452c876b1}</UniqueIdentifier>
    </Filter>
    <Filter Include="Header Files\util">
      <UniqueIdentifier>{1ba19a4f-a602-45fc-90a9-e84f24b0568d}</UniqueIdentifier>
    </Filter>
    <Filter Include="Source Files\Network">
      <UniqueIdentifier>{80b23267-5f0b-4835-9aa3-35ab29e3b661}</UniqueIdentifier>
    </Filter>
    <Filter Include="Source Files\LoginBranch">
      <UniqueIdentifier>{b10a83bb-ab74-41d1-a867-827d6fc759e8}</UniqueIdentifier>
    </Filter>
    <Filter Include="Source Files\util">
      <UniqueIdentifier>{3e215254-81ad-4a74-97a7-4c856df9ad11}</UniqueIdentifier>
    </Filter>
    <Filter Include="Header Files\ModeSelectionBranch">
      <UniqueIdentifier>{16265999-2c98-4616-8bb5-6844853b4255}</UniqueIdentifier>
    </Filter>
    <Filter Include="Source Files\ModeSelectionBranch">
      <UniqueIdentifier>{72d62486-61c3-4d7a-a800-86b700487f81}</UniqueIdentifier>
    </Filter>
    <Filter Include="Header Files\util\parents">
      <UniqueIdentifier>{5679357f-a5cd-4172-a049-680058756c72}</UniqueIdentifier>
    </Filter>
    <Filter Include="Source Files\util\parents">
      <UniqueIdentifier>{66e87836-e183-4cec-bd76-3ccd90930cc4}</UniqueIdentifier>
    </Filter>
    <Filter Include="Source Files\Network\Parsing">
      <UniqueIdentifier>{9388a503-7233-4771-b3e5-79b443c2d190}</UniqueIdentifier>
    </Filter>
    <Filter Include="Header Files\Network\Parsing">
      <UniqueIdentifier>{ad05bfea-4a23-4cc0-be0f-4e0a935e4c41}</UniqueIdentifier>
    </Filter>
    <Filter Include="Header Files\SuppliersSelectionBranch">
      <UniqueIdentifier>{67a8043e-2662-433b-8028-11c902f61cfc}</UniqueIdentifier>
    </Filter>
    <Filter Include="Source Files\SuppliersSelectionBranch">
      <UniqueIdentifier>{7f6fba08-a8c6-464d-bd25-d4b43adce392}</UniqueIdentifier>
    </Filter>
    <Filter Include="Header Files\legacy">
      <UniqueIdentifier>{d9c8208d-80f4-487a-b4ec-973af6ba712d}</UniqueIdentifier>
    </Filter>
    <Filter Include="Source Files\legacy">
      <UniqueIdentifier>{67053f6a-8a38-4c60-91b6-3119e94feb0b}</UniqueIdentifier>
    </Filter>
    <Filter Include="Source Files\ReceiptLinked">
      <UniqueIdentifier>{2d050467-8f6e-4fbb-b760-bc6d6ff55506}</UniqueIdentifier>
    </Filter>
    <Filter Include="Header Files\ReceiptLinked">
      <UniqueIdentifier>{5525d878-148e-4988-a2b2-8e5efe290446}</UniqueIdentifier>
    </Filter>
  </ItemGroup>
  <ItemGroup>
    <ClCompile Include="main.cpp">
      <Filter>Source Files</Filter>
    </ClCompile>
    <ClCompile Include="UamobiUtil.cpp">
      <Filter>Source Files</Filter>
    </ClCompile>
    <ClCompile Include="networking\photo\datarequest.cpp">
      <Filter>Source Files\Network</Filter>
    </ClCompile>
    <ClCompile Include="networking\dataupdateengine.cpp">
      <Filter>Source Files\Network</Filter>
    </ClCompile>
    <ClCompile Include="networking\dataupdateengine-http.cpp">
      <Filter>Source Files\Network</Filter>
    </ClCompile>
    <ClCompile Include="debugtrace.cpp">
      <Filter>Source Files\util</Filter>
    </ClCompile>
    <ClCompile Include="widgets\utils\ElementsStyles.cpp">
      <Filter>Source Files\util</Filter>
    </ClCompile>
    <ClCompile Include="widgets\LoginBranch\LoginWidget.cpp">
      <Filter>Source Files\LoginBranch</Filter>
    </ClCompile>
    <ClCompile Include="widgets\LoginBranch\LoginSelectWidget.cpp">
      <Filter>Source Files\LoginBranch</Filter>
    </ClCompile>
    <ClCompile Include="widgets\MainPageWidget.cpp">
      <Filter>Source Files\LoginBranch</Filter>
    </ClCompile>
    <ClCompile Include="widgets\SettingsBranches\MainSettingsWidget.cpp">
      <Filter>Source Files\LoginBranch</Filter>
    </ClCompile>
    <ClCompile Include="networking\RequestAwaiter.cpp">
      <Filter>Source Files\Network</Filter>
    </ClCompile>
    <ClCompile Include="networking\xml_funcs.cpp">
      <Filter>Source Files\Network</Filter>
    </ClCompile>
    <ClCompile Include="widgets\ModeSelectionBranch\ModeSelectionWidget.cpp">
      <Filter>Source Files\ModeSelectionBranch</Filter>
    </ClCompile>
    <ClCompile Include="widgets\ModeSelectionBranch\PlaceSelectionWidget.cpp">
      <Filter>Source Files\ModeSelectionBranch</Filter>
    </ClCompile>
    <ClCompile Include="widgets\utils\SpecializedWidgets.cpp">
      <Filter>Source Files\util\parents</Filter>
    </ClCompile>
    <ClCompile Include="widgets\parents\AbstractVariantSelectionWidget.cpp">
      <Filter>Source Files\util\parents</Filter>
    </ClCompile>
    <ClCompile Include="networking\Parsers\DynamicLinearParsers.cpp">
      <Filter>Source Files\Network\Parsing</Filter>
    </ClCompile>
    <ClCompile Include="networking\Parsers\abs_parsed_request.cpp">
      <Filter>Source Files\Network\Parsing</Filter>
    </ClCompile>
    <ClCompile Include="networking\Parsers\NamedAttributesResponseParsers.cpp">
      <Filter>Source Files\Network\Parsing</Filter>
    </ClCompile>
    <ClCompile Include="networking\Parsers\RequestParser.cpp">
      <Filter>Source Files\Network\Parsing</Filter>
    </ClCompile>
    <ClCompile Include="networking\Parsers\SimpleLinearParsers.cpp">
      <Filter>Source Files\Network\Parsing</Filter>
    </ClCompile>
    <ClCompile Include="networking\Parsers\SimpleResponseParsers.cpp">
      <Filter>Source Files\Network\Parsing</Filter>
    </ClCompile>
    <ClCompile Include="legacy\helpers\abstractinputhelper.cpp">
      <Filter>Source Files\legacy</Filter>
    </ClCompile>
    <ClCompile Include="legacy\helpers\datalogic_dlscanner.cpp">
      <Filter>Source Files\legacy</Filter>
    </ClCompile>
    <ClCompile Include="legacy\helpers\emulatedkbdinputhelper.cpp">
      <Filter>Source Files\legacy</Filter>
    </ClCompile>
    <ClCompile Include="legacy\helpers\helpermanager.cpp">
      <Filter>Source Files\legacy</Filter>
    </ClCompile>
    <ClCompile Include="legacy\helpers\unitech_usi_dll.cpp">
      <Filter>Source Files\legacy</Filter>
    </ClCompile>
    <ClCompile Include="legacy\legacy.cpp">
      <Filter>Source Files\legacy</Filter>
    </ClCompile>
    <ClCompile Include="widgets\parents\AbstractListSelectionWidget.cpp">
      <Filter>Source Files\util\parents</Filter>
    </ClCompile>
    <ClCompile Include="widgets\SuppliersSelectionBranch\SuppliersSelectWidget.cpp">
      <Filter>Source Files\SuppliersSelectionBranch</Filter>
    </ClCompile>
    <ClCompile Include="widgets\SuppliersSelectionBranch\OrderSelectionWidget.cpp">
      <Filter>Source Files\SuppliersSelectionBranch</Filter>
    </ClCompile>
    <ClCompile Include="widgets\parents\abstractNodeInterface.cpp">
      <Filter>Source Files\util\parents</Filter>
    </ClCompile>
    <ClCompile Include="widgets\ReceiptSpecialWidgets\ReceiptParametersWidget.cpp">
      <Filter>Source Files\ReceiptLinked</Filter>
    </ClCompile>
    <ClCompile Include="widgets\ReceiptNoneBranch\ReceiptRootWidget.cpp">
      <Filter>Source Files\ReceiptLinked</Filter>
    </ClCompile>
    <ClCompile Include="networking\StaticTestingDataEngine.cpp">
      <Filter>Source Files\Network</Filter>
    </ClCompile>
    <ClCompile Include="networking\NetCallArgs.cpp">
      <Filter>Source Files\Network</Filter>
    </ClCompile>
    <ClCompile Include="widgets\parents\AbstractScaningWidget.cpp">
      <Filter>Source Files</Filter>
    </ClCompile>
    <ClCompile Include="widgets\ReceiptSpecialWidgets\ReceiptScaningWidget.cpp">
      <Filter>Source Files</Filter>
    </ClCompile>
    <ClCompile Include="networking\things.cpp">
      <Filter>Source Files\Network</Filter>
    </ClCompile>
    <ClCompile Include="widgets\utils\GlobalAppSettings.cpp">
      <Filter>Source Files\util</Filter>
    </ClCompile>
    <ClCompile Include="widgets\MultibranchWidgets\DocResultsWidget.cpp">
      <Filter>Source Files</Filter>
    </ClCompile>
    <ClCompile Include="widgets\MultibranchWidgets\ItemSearchWidget.cpp">
      <Filter>Source Files</Filter>
    </ClCompile>
    <ClCompile Include="widgets\ElementWidgets\BigButtonsSpinbox.cpp">
      <Filter>Source Files</Filter>
    </ClCompile>
    <ClCompile Include="widgets\ElementWidgets\MegaIconButton.cpp">
      <Filter>Source Files</Filter>
    </ClCompile>
    <ClCompile Include="widgets\parents\inframedWidget.cpp">
      <Filter>Source Files</Filter>
    </ClCompile>
  </ItemGroup>
  <ItemGroup>
    <QtMoc Include="UamobiUtil.h">
      <Filter>Header Files</Filter>
    </QtMoc>
    <QtMoc Include="networking\dataupdateengine.h">
      <Filter>Header Files\Network</Filter>
    </QtMoc>
    <QtMoc Include="networking\photo\datarequest.h">
      <Filter>Header Files\Network</Filter>
    </QtMoc>
    <QtMoc Include="networking\dataupdateengine-http.h">
      <Filter>Header Files\Network</Filter>
    </QtMoc>
    <QtMoc Include="networking\RequestAwaiter.h">
      <Filter>Header Files\Network</Filter>
    </QtMoc>
    <QtMoc Include="widgets\LoginBranch\LoginWidget.h">
      <Filter>Header Files\LoginBranch</Filter>
    </QtMoc>
    <QtMoc Include="widgets\MainPageWidget.h">
      <Filter>Header Files\LoginBranch</Filter>
    </QtMoc>
    <QtMoc Include="widgets\SettingsBranches\MainSettingsWidget.h">
      <Filter>Header Files\LoginBranch</Filter>
    </QtMoc>
    <QtMoc Include="widgets\utils\EventsAndFilters.h">
      <Filter>Header Files\util</Filter>
    </QtMoc>
    <QtMoc Include="widgets\LoginBranch\LoginSelectWidget.h">
      <Filter>Header Files\LoginBranch</Filter>
    </QtMoc>
    <QtMoc Include="widgets\ModeSelectionBranch\ModeSelectionWidget.h">
      <Filter>Header Files\ModeSelectionBranch</Filter>
    </QtMoc>
    <QtMoc Include="widgets\ModeSelectionBranch\PlaceSelectionWidget.h">
      <Filter>Header Files\ModeSelectionBranch</Filter>
    </QtMoc>
    <QtMoc Include="widgets\parents\inframedWidget.h">
      <Filter>Header Files\util\parents</Filter>
    </QtMoc>
    <QtMoc Include="widgets\utils\SpecializedWidgets.h">
      <Filter>Header Files\util\parents</Filter>
    </QtMoc>
    <QtMoc Include="widgets\parents\AbstractVariantSelectionWidget.h">
      <Filter>Header Files\util\parents</Filter>
    </QtMoc>
    <QtMoc Include="legacy\helpers\helpermanager.h">
      <Filter>Header Files\legacy</Filter>
    </QtMoc>
    <QtMoc Include="legacy\helpers\emulatedkbdinputhelper.h">
      <Filter>Header Files\legacy</Filter>
    </QtMoc>
    <QtMoc Include="legacy\helpers\abstractinputhelper.h">
      <Filter>Header Files\legacy</Filter>
    </QtMoc>
    <QtMoc Include="widgets\SuppliersSelectionBranch\SuppliersSelectWidget.h">
      <Filter>Header Files\SuppliersSelectionBranch</Filter>
    </QtMoc>
    <QtMoc Include="widgets\parents\AbstractListSelectionWidget.h">
      <Filter>Header Files\util\parents</Filter>
    </QtMoc>
    <QtMoc Include="widgets\SuppliersSelectionBranch\OrderSelectionWidget.h">
      <Filter>Header Files\SuppliersSelectionBranch</Filter>
    </QtMoc>
    <QtMoc Include="widgets\ReceiptSpecialWidgets\ReceiptParametersWidget.h">
      <Filter>Header Files\ReceiptLinked</Filter>
    </QtMoc>
    <QtMoc Include="widgets\ReceiptNoneBranch\ReceiptRootWidget.h">
      <Filter>Header Files\ReceiptLinked</Filter>
    </QtMoc>
    <QtMoc Include="widgets\MultibranchWidgets\ItemSearchWidget.h">
      <Filter>Header Files</Filter>
    </QtMoc>
    <QtMoc Include="widgets\MultibranchWidgets\DocResultsWidget.h">
      <Filter>Header Files</Filter>
    </QtMoc>
    <QtMoc Include="widgets\ElementWidgets\BigButtonsSpinbox.h">
      <Filter>Header Files</Filter>
    </QtMoc>
    <QtMoc Include="widgets\parents\AbstractScaningWidget.h">
      <Filter>Header Files</Filter>
    </QtMoc>
    <QtMoc Include="widgets\ReceiptSpecialWidgets\ReceiptScaningWidget.h">
      <Filter>Header Files</Filter>
    </QtMoc>
    <QtMoc Include="widgets\ElementWidgets\MegaIconButton.h">
      <Filter>Header Files</Filter>
    </QtMoc>
  </ItemGroup>
  <ItemGroup>
    <QtRcc Include="UamobiUtil.qrc">
      <Filter>Resource Files</Filter>
    </QtRcc>
  </ItemGroup>
  <ItemGroup>
    <ClInclude Include="networking\things.h">
      <Filter>Header Files\Network</Filter>
    </ClInclude>
    <ClInclude Include="networking\xml_funcs.h">
      <Filter>Header Files\Network</Filter>
    </ClInclude>
    <ClInclude Include="networking\global.h">
      <Filter>Header Files\Network</Filter>
    </ClInclude>
    <ClInclude Include="widgets\utils\GlobalAppSettings.h">
      <Filter>Header Files\util</Filter>
    </ClInclude>
    <ClInclude Include="widgets\utils\ElementsStyles.h">
      <Filter>Header Files\util</Filter>
    </ClInclude>
    <ClInclude Include="debugtrace.h">
      <Filter>Header Files\util</Filter>
    </ClInclude>
    <ClInclude Include="networking\Parsers\abs_parsed_request.h">
      <Filter>Header Files\Network\Parsing</Filter>
    </ClInclude>
    <ClInclude Include="networking\Parsers\NamedAttributesResponseParsers.h">
      <Filter>Header Files\Network\Parsing</Filter>
    </ClInclude>
    <ClInclude Include="networking\Parsers\RequestParser.h">
      <Filter>Header Files\Network\Parsing</Filter>
    </ClInclude>
    <ClInclude Include="networking\Parsers\SimpleLinearParsers.h">
      <Filter>Header Files\Network\Parsing</Filter>
    </ClInclude>
    <ClInclude Include="networking\Parsers\SimpleResponseParsers.h">
      <Filter>Header Files\Network\Parsing</Filter>
    </ClInclude>
    <ClInclude Include="legacy\legacy.h">
      <Filter>Header Files\legacy</Filter>
    </ClInclude>
    <ClInclude Include="legacy\helpers\datalogic_dlscanner.h">
      <Filter>Header Files\legacy</Filter>
    </ClInclude>
    <ClInclude Include="legacy\helpers\unitech_usi_dll.h">
      <Filter>Header Files\legacy</Filter>
    </ClInclude>
    <ClInclude Include="networking\NetCallArgs.h">
      <Filter>Header Files\Network</Filter>
    </ClInclude>
    <ClInclude Include="networking\StaticTestingDataEngine.h">
      <Filter>Header Files\Network</Filter>
    </ClInclude>
    <ClInclude Include="widgets\parents\abstractNodeInterface.h">
      <Filter>Header Files\util\parents</Filter>
    </ClInclude>
    <ClInclude Include="networking\Parsers\DynamicLinearParsers.h">
      <Filter>Header Files\Network\Parsing</Filter>
    </ClInclude>
  </ItemGroup>
  <ItemGroup>
    <None Include="cpp.hint" />
  </ItemGroup>
</Project>